// !$*UTF8*$!
{
	archiveVersion = 1;
	classes = {
	};
	objectVersion = 56;
	objects = {

/* Begin PBXBuildFile section */
		9A5C16CA2BAF3D35003B94C1 /* AppDelegate.swift in Sources */ = {isa = PBXBuildFile; fileRef = 9A5C16C92BAF3D35003B94C1 /* AppDelegate.swift */; };
		9A5C16CC2BAF3D35003B94C1 /* SceneDelegate.swift in Sources */ = {isa = PBXBuildFile; fileRef = 9A5C16CB2BAF3D35003B94C1 /* SceneDelegate.swift */; };
		9A5C16D32BAF3D38003B94C1 /* Assets.xcassets in Resources */ = {isa = PBXBuildFile; fileRef = 9A5C16D22BAF3D38003B94C1 /* Assets.xcassets */; };
		9A5C16D62BAF3D38003B94C1 /* LaunchScreen.storyboard in Resources */ = {isa = PBXBuildFile; fileRef = 9A5C16D42BAF3D38003B94C1 /* LaunchScreen.storyboard */; };
		9A5C16E72BAF3ED3003B94C1 /* Lottie in Frameworks */ = {isa = PBXBuildFile; productRef = 9A5C16E62BAF3ED3003B94C1 /* Lottie */; };
		9A5C16EA2BAF3EF1003B94C1 /* GoogleSignIn in Frameworks */ = {isa = PBXBuildFile; productRef = 9A5C16E92BAF3EF1003B94C1 /* GoogleSignIn */; };
		9A5C16EF2BAF3F16003B94C1 /* Kingfisher in Frameworks */ = {isa = PBXBuildFile; productRef = 9A5C16EE2BAF3F16003B94C1 /* Kingfisher */; };
		9A5C16FE2BAF40EC003B94C1 /* FirebaseAuth in Frameworks */ = {isa = PBXBuildFile; productRef = 9A5C16FD2BAF40EC003B94C1 /* FirebaseAuth */; };
		9A5C17042BAF40EC003B94C1 /* FirebaseDatabase in Frameworks */ = {isa = PBXBuildFile; productRef = 9A5C17032BAF40EC003B94C1 /* FirebaseDatabase */; };
		9A5C17242BAF40EC003B94C1 /* FirebaseStorage in Frameworks */ = {isa = PBXBuildFile; productRef = 9A5C17232BAF40EC003B94C1 /* FirebaseStorage */; };
		9A5C172E2BAF41DA003B94C1 /* AppConfiguration.swift in Sources */ = {isa = PBXBuildFile; fileRef = 9A5C172D2BAF41DA003B94C1 /* AppConfiguration.swift */; };
		9A5C17302BAF41E6003B94C1 /* AppLaunchService.swift in Sources */ = {isa = PBXBuildFile; fileRef = 9A5C172F2BAF41E6003B94C1 /* AppLaunchService.swift */; };
		9A5C17332BAF41FF003B94C1 /* ServiceLocator.swift in Sources */ = {isa = PBXBuildFile; fileRef = 9A5C17322BAF41FF003B94C1 /* ServiceLocator.swift */; };
		9A5C17352BAF4264003B94C1 /* LoadingAnimationViewController.swift in Sources */ = {isa = PBXBuildFile; fileRef = 9A5C17342BAF4264003B94C1 /* LoadingAnimationViewController.swift */; };
		9A5C173A2BAF4319003B94C1 /* AuthScreenFactory.swift in Sources */ = {isa = PBXBuildFile; fileRef = 9A5C17392BAF4319003B94C1 /* AuthScreenFactory.swift */; };
		9A5C173D2BAF43A8003B94C1 /* AppConstant.swift in Sources */ = {isa = PBXBuildFile; fileRef = 9A5C173C2BAF43A8003B94C1 /* AppConstant.swift */; };
		9A5C17462BAF46C4003B94C1 /* WelcomeViewController.swift in Sources */ = {isa = PBXBuildFile; fileRef = 9A5C17452BAF46C4003B94C1 /* WelcomeViewController.swift */; };
		9A5C17482BAF4719003B94C1 /* WelcomePresenter.swift in Sources */ = {isa = PBXBuildFile; fileRef = 9A5C17472BAF4719003B94C1 /* WelcomePresenter.swift */; };
		9A5C174A2BAF4793003B94C1 /* AuthRouter.swift in Sources */ = {isa = PBXBuildFile; fileRef = 9A5C17492BAF4793003B94C1 /* AuthRouter.swift */; };
		9A5C174C2BAF596B003B94C1 /* MainRouter.swift in Sources */ = {isa = PBXBuildFile; fileRef = 9A5C174B2BAF596B003B94C1 /* MainRouter.swift */; };
		9A5C17502BAF5AA8003B94C1 /* MainScreenFactory.swift in Sources */ = {isa = PBXBuildFile; fileRef = 9A5C174F2BAF5AA8003B94C1 /* MainScreenFactory.swift */; };
/* End PBXBuildFile section */

/* Begin PBXFileReference section */
		9A5C16C62BAF3D35003B94C1 /* GreenCalories.app */ = {isa = PBXFileReference; explicitFileType = wrapper.application; includeInIndex = 0; path = GreenCalories.app; sourceTree = BUILT_PRODUCTS_DIR; };
		9A5C16C92BAF3D35003B94C1 /* AppDelegate.swift */ = {isa = PBXFileReference; lastKnownFileType = sourcecode.swift; path = AppDelegate.swift; sourceTree = "<group>"; };
		9A5C16CB2BAF3D35003B94C1 /* SceneDelegate.swift */ = {isa = PBXFileReference; lastKnownFileType = sourcecode.swift; path = SceneDelegate.swift; sourceTree = "<group>"; };
		9A5C16D22BAF3D38003B94C1 /* Assets.xcassets */ = {isa = PBXFileReference; lastKnownFileType = folder.assetcatalog; path = Assets.xcassets; sourceTree = "<group>"; };
		9A5C16D52BAF3D38003B94C1 /* Base */ = {isa = PBXFileReference; lastKnownFileType = file.storyboard; name = Base; path = Base.lproj/LaunchScreen.storyboard; sourceTree = "<group>"; };
		9A5C16D72BAF3D38003B94C1 /* Info.plist */ = {isa = PBXFileReference; lastKnownFileType = text.plist.xml; path = Info.plist; sourceTree = "<group>"; };
		9A5C172D2BAF41DA003B94C1 /* AppConfiguration.swift */ = {isa = PBXFileReference; lastKnownFileType = sourcecode.swift; path = AppConfiguration.swift; sourceTree = "<group>"; };
		9A5C172F2BAF41E6003B94C1 /* AppLaunchService.swift */ = {isa = PBXFileReference; lastKnownFileType = sourcecode.swift; path = AppLaunchService.swift; sourceTree = "<group>"; };
		9A5C17322BAF41FF003B94C1 /* ServiceLocator.swift */ = {isa = PBXFileReference; lastKnownFileType = sourcecode.swift; path = ServiceLocator.swift; sourceTree = "<group>"; };
		9A5C17342BAF4264003B94C1 /* LoadingAnimationViewController.swift */ = {isa = PBXFileReference; lastKnownFileType = sourcecode.swift; path = LoadingAnimationViewController.swift; sourceTree = "<group>"; };
		9A5C17392BAF4319003B94C1 /* AuthScreenFactory.swift */ = {isa = PBXFileReference; lastKnownFileType = sourcecode.swift; path = AuthScreenFactory.swift; sourceTree = "<group>"; };
		9A5C173C2BAF43A8003B94C1 /* AppConstant.swift */ = {isa = PBXFileReference; lastKnownFileType = sourcecode.swift; path = AppConstant.swift; sourceTree = "<group>"; };
		9A5C17452BAF46C4003B94C1 /* WelcomeViewController.swift */ = {isa = PBXFileReference; lastKnownFileType = sourcecode.swift; path = WelcomeViewController.swift; sourceTree = "<group>"; };
		9A5C17472BAF4719003B94C1 /* WelcomePresenter.swift */ = {isa = PBXFileReference; lastKnownFileType = sourcecode.swift; path = WelcomePresenter.swift; sourceTree = "<group>"; };
		9A5C17492BAF4793003B94C1 /* AuthRouter.swift */ = {isa = PBXFileReference; lastKnownFileType = sourcecode.swift; path = AuthRouter.swift; sourceTree = "<group>"; };
		9A5C174B2BAF596B003B94C1 /* MainRouter.swift */ = {isa = PBXFileReference; lastKnownFileType = sourcecode.swift; path = MainRouter.swift; sourceTree = "<group>"; };
		9A5C174F2BAF5AA8003B94C1 /* MainScreenFactory.swift */ = {isa = PBXFileReference; lastKnownFileType = sourcecode.swift; path = MainScreenFactory.swift; sourceTree = "<group>"; };
/* End PBXFileReference section */

/* Begin PBXFrameworksBuildPhase section */
		9A5C16C32BAF3D35003B94C1 /* Frameworks */ = {
			isa = PBXFrameworksBuildPhase;
			buildActionMask = 2147483647;
			files = (
				9A5C16EF2BAF3F16003B94C1 /* Kingfisher in Frameworks */,
				9A5C16E72BAF3ED3003B94C1 /* Lottie in Frameworks */,
				9A5C16EA2BAF3EF1003B94C1 /* GoogleSignIn in Frameworks */,
				9A5C16FE2BAF40EC003B94C1 /* FirebaseAuth in Frameworks */,
				9A5C17242BAF40EC003B94C1 /* FirebaseStorage in Frameworks */,
				9A5C17042BAF40EC003B94C1 /* FirebaseDatabase in Frameworks */,
			);
			runOnlyForDeploymentPostprocessing = 0;
		};
/* End PBXFrameworksBuildPhase section */

/* Begin PBXGroup section */
		9A5C16BD2BAF3D35003B94C1 = {
			isa = PBXGroup;
			children = (
				9A5C16C82BAF3D35003B94C1 /* GreenCalories */,
				9A5C16C72BAF3D35003B94C1 /* Products */,
			);
			sourceTree = "<group>";
		};
		9A5C16C72BAF3D35003B94C1 /* Products */ = {
			isa = PBXGroup;
			children = (
				9A5C16C62BAF3D35003B94C1 /* GreenCalories.app */,
			);
			name = Products;
			sourceTree = "<group>";
		};
		9A5C16C82BAF3D35003B94C1 /* GreenCalories */ = {
			isa = PBXGroup;
			children = (
				9A5C16DE2BAF3DE7003B94C1 /* Application */,
				9A5C16E02BAF3E68003B94C1 /* Common */,
				9A5C17292BAF4170003B94C1 /* Managers */,
				9A5C16DF2BAF3E60003B94C1 /* Resources */,
				9A5C17362BAF42F8003B94C1 /* Routing */,
				9A5C16E12BAF3E9D003B94C1 /* Presentation */,
				9A5C17282BAF4162003B94C1 /* Helpers */,
				9A5C172A2BAF417B003B94C1 /* Services */,
			);
			path = GreenCalories;
			sourceTree = "<group>";
		};
		9A5C16DE2BAF3DE7003B94C1 /* Application */ = {
			isa = PBXGroup;
			children = (
				9A5C16C92BAF3D35003B94C1 /* AppDelegate.swift */,
				9A5C16CB2BAF3D35003B94C1 /* SceneDelegate.swift */,
			);
			path = Application;
			sourceTree = "<group>";
		};
		9A5C16DF2BAF3E60003B94C1 /* Resources */ = {
			isa = PBXGroup;
			children = (
				9A5C16D22BAF3D38003B94C1 /* Assets.xcassets */,
				9A5C173C2BAF43A8003B94C1 /* AppConstant.swift */,
			);
			path = Resources;
			sourceTree = "<group>";
		};
		9A5C16E02BAF3E68003B94C1 /* Common */ = {
			isa = PBXGroup;
			children = (
				9A5C16D72BAF3D38003B94C1 /* Info.plist */,
				9A5C173E2BAF4407003B94C1 /* Launch */,
				9A5C17272BAF4159003B94C1 /* Extensions */,
			);
			path = Common;
			sourceTree = "<group>";
		};
		9A5C16E12BAF3E9D003B94C1 /* Presentation */ = {
			isa = PBXGroup;
			children = (
				9A5C16E42BAF3EB0003B94C1 /* Common */,
				9A5C16E22BAF3EA6003B94C1 /* Custom */,
				9A5C16E32BAF3EA9003B94C1 /* Scenes */,
			);
			path = Presentation;
			sourceTree = "<group>";
		};
		9A5C16E22BAF3EA6003B94C1 /* Custom */ = {
			isa = PBXGroup;
			children = (
				9A5C17342BAF4264003B94C1 /* LoadingAnimationViewController.swift */,
			);
			path = Custom;
			sourceTree = "<group>";
		};
		9A5C16E32BAF3EA9003B94C1 /* Scenes */ = {
			isa = PBXGroup;
			children = (
				9A5C17422BAF4694003B94C1 /* RegistrationScreen */,
				9A5C17412BAF468F003B94C1 /* LoginScreen */,
				9A5C17402BAF4686003B94C1 /* WelcomeScreen */,
			);
			path = Scenes;
			sourceTree = "<group>";
		};
		9A5C16E42BAF3EB0003B94C1 /* Common */ = {
			isa = PBXGroup;
			children = (
			);
			path = Common;
			sourceTree = "<group>";
		};
		9A5C17272BAF4159003B94C1 /* Extensions */ = {
			isa = PBXGroup;
			children = (
			);
			path = Extensions;
			sourceTree = "<group>";
		};
		9A5C17282BAF4162003B94C1 /* Helpers */ = {
			isa = PBXGroup;
			children = (
			);
			path = Helpers;
			sourceTree = "<group>";
		};
		9A5C17292BAF4170003B94C1 /* Managers */ = {
			isa = PBXGroup;
			children = (
				9A5C172B2BAF41CA003B94C1 /* Root */,
				9A5C17312BAF41F6003B94C1 /* ServiceLocator */,
			);
			path = Managers;
			sourceTree = "<group>";
		};
		9A5C172A2BAF417B003B94C1 /* Services */ = {
			isa = PBXGroup;
			children = (
			);
			path = Services;
			sourceTree = "<group>";
		};
		9A5C172B2BAF41CA003B94C1 /* Root */ = {
			isa = PBXGroup;
			children = (
				9A5C172D2BAF41DA003B94C1 /* AppConfiguration.swift */,
				9A5C172F2BAF41E6003B94C1 /* AppLaunchService.swift */,
			);
			path = Root;
			sourceTree = "<group>";
		};
		9A5C17312BAF41F6003B94C1 /* ServiceLocator */ = {
			isa = PBXGroup;
			children = (
				9A5C17322BAF41FF003B94C1 /* ServiceLocator.swift */,
			);
			path = ServiceLocator;
			sourceTree = "<group>";
		};
		9A5C17362BAF42F8003B94C1 /* Routing */ = {
			isa = PBXGroup;
			children = (
				9A5C174E2BAF59BC003B94C1 /* ScreenFactory */,
				9A5C174D2BAF59B2003B94C1 /* Routers */,
			);
			path = Routing;
			sourceTree = "<group>";
		};
		9A5C173E2BAF4407003B94C1 /* Launch */ = {
			isa = PBXGroup;
			children = (
				9A5C16D42BAF3D38003B94C1 /* LaunchScreen.storyboard */,
			);
			path = Launch;
			sourceTree = "<group>";
		};
		9A5C17402BAF4686003B94C1 /* WelcomeScreen */ = {
			isa = PBXGroup;
			children = (
				9A5C17432BAF46A4003B94C1 /* View */,
				9A5C17442BAF46AA003B94C1 /* Presenter */,
			);
			path = WelcomeScreen;
			sourceTree = "<group>";
		};
		9A5C17412BAF468F003B94C1 /* LoginScreen */ = {
			isa = PBXGroup;
			children = (
			);
			path = LoginScreen;
			sourceTree = "<group>";
		};
		9A5C17422BAF4694003B94C1 /* RegistrationScreen */ = {
			isa = PBXGroup;
			children = (
			);
			path = RegistrationScreen;
			sourceTree = "<group>";
		};
		9A5C17432BAF46A4003B94C1 /* View */ = {
			isa = PBXGroup;
			children = (
				9A5C17452BAF46C4003B94C1 /* WelcomeViewController.swift */,
			);
			path = View;
			sourceTree = "<group>";
		};
		9A5C17442BAF46AA003B94C1 /* Presenter */ = {
			isa = PBXGroup;
			children = (
				9A5C17472BAF4719003B94C1 /* WelcomePresenter.swift */,
			);
			path = Presenter;
			sourceTree = "<group>";
		};
		9A5C174D2BAF59B2003B94C1 /* Routers */ = {
			isa = PBXGroup;
			children = (
				9A5C17492BAF4793003B94C1 /* AuthRouter.swift */,
				9A5C174B2BAF596B003B94C1 /* MainRouter.swift */,
			);
			path = Routers;
			sourceTree = "<group>";
		};
		9A5C174E2BAF59BC003B94C1 /* ScreenFactory */ = {
			isa = PBXGroup;
			children = (
				9A5C17392BAF4319003B94C1 /* AuthScreenFactory.swift */,
				9A5C174F2BAF5AA8003B94C1 /* MainScreenFactory.swift */,
			);
			path = ScreenFactory;
			sourceTree = "<group>";
		};
/* End PBXGroup section */

/* Begin PBXNativeTarget section */
		9A5C16C52BAF3D35003B94C1 /* GreenCalories */ = {
			isa = PBXNativeTarget;
			buildConfigurationList = 9A5C16DA2BAF3D38003B94C1 /* Build configuration list for PBXNativeTarget "GreenCalories" */;
			buildPhases = (
				9A5C16C22BAF3D35003B94C1 /* Sources */,
				9A5C16C32BAF3D35003B94C1 /* Frameworks */,
				9A5C16C42BAF3D35003B94C1 /* Resources */,
			);
			buildRules = (
			);
			dependencies = (
			);
			name = GreenCalories;
			packageProductDependencies = (
				9A5C16E62BAF3ED3003B94C1 /* Lottie */,
				9A5C16E92BAF3EF1003B94C1 /* GoogleSignIn */,
				9A5C16EE2BAF3F16003B94C1 /* Kingfisher */,
				9A5C16FD2BAF40EC003B94C1 /* FirebaseAuth */,
				9A5C17032BAF40EC003B94C1 /* FirebaseDatabase */,
				9A5C17232BAF40EC003B94C1 /* FirebaseStorage */,
			);
			productName = GreenCalories;
			productReference = 9A5C16C62BAF3D35003B94C1 /* GreenCalories.app */;
			productType = "com.apple.product-type.application";
		};
/* End PBXNativeTarget section */

/* Begin PBXProject section */
		9A5C16BE2BAF3D35003B94C1 /* Project object */ = {
			isa = PBXProject;
			attributes = {
				BuildIndependentTargetsInParallel = 1;
				LastSwiftUpdateCheck = 1500;
				LastUpgradeCheck = 1500;
				TargetAttributes = {
					9A5C16C52BAF3D35003B94C1 = {
						CreatedOnToolsVersion = 15.0.1;
					};
				};
			};
			buildConfigurationList = 9A5C16C12BAF3D35003B94C1 /* Build configuration list for PBXProject "GreenCalories" */;
			compatibilityVersion = "Xcode 14.0";
			developmentRegion = en;
			hasScannedForEncodings = 0;
			knownRegions = (
				en,
				Base,
			);
			mainGroup = 9A5C16BD2BAF3D35003B94C1;
			packageReferences = (
				9A5C16E52BAF3ED3003B94C1 /* XCRemoteSwiftPackageReference "lottie-ios" */,
				9A5C16E82BAF3EF1003B94C1 /* XCRemoteSwiftPackageReference "GoogleSignIn-iOS" */,
				9A5C16ED2BAF3F16003B94C1 /* XCRemoteSwiftPackageReference "Kingfisher" */,
				9A5C16F02BAF40EC003B94C1 /* XCRemoteSwiftPackageReference "firebase-ios-sdk" */,
			);
			productRefGroup = 9A5C16C72BAF3D35003B94C1 /* Products */;
			projectDirPath = "";
			projectRoot = "";
			targets = (
				9A5C16C52BAF3D35003B94C1 /* GreenCalories */,
			);
		};
/* End PBXProject section */

/* Begin PBXResourcesBuildPhase section */
		9A5C16C42BAF3D35003B94C1 /* Resources */ = {
			isa = PBXResourcesBuildPhase;
			buildActionMask = 2147483647;
			files = (
				9A5C16D62BAF3D38003B94C1 /* LaunchScreen.storyboard in Resources */,
				9A5C16D32BAF3D38003B94C1 /* Assets.xcassets in Resources */,
			);
			runOnlyForDeploymentPostprocessing = 0;
		};
/* End PBXResourcesBuildPhase section */

/* Begin PBXSourcesBuildPhase section */
		9A5C16C22BAF3D35003B94C1 /* Sources */ = {
			isa = PBXSourcesBuildPhase;
			buildActionMask = 2147483647;
			files = (
				9A5C17462BAF46C4003B94C1 /* WelcomeViewController.swift in Sources */,
				9A5C17482BAF4719003B94C1 /* WelcomePresenter.swift in Sources */,
				9A5C172E2BAF41DA003B94C1 /* AppConfiguration.swift in Sources */,
				9A5C17332BAF41FF003B94C1 /* ServiceLocator.swift in Sources */,
				9A5C173A2BAF4319003B94C1 /* AuthScreenFactory.swift in Sources */,
				9A5C174C2BAF596B003B94C1 /* MainRouter.swift in Sources */,
				9A5C17502BAF5AA8003B94C1 /* MainScreenFactory.swift in Sources */,
				9A5C16CA2BAF3D35003B94C1 /* AppDelegate.swift in Sources */,
				9A5C17302BAF41E6003B94C1 /* AppLaunchService.swift in Sources */,
				9A5C174A2BAF4793003B94C1 /* AuthRouter.swift in Sources */,
				9A5C17352BAF4264003B94C1 /* LoadingAnimationViewController.swift in Sources */,
				9A5C16CC2BAF3D35003B94C1 /* SceneDelegate.swift in Sources */,
				9A5C173D2BAF43A8003B94C1 /* AppConstant.swift in Sources */,
			);
			runOnlyForDeploymentPostprocessing = 0;
		};
/* End PBXSourcesBuildPhase section */

/* Begin PBXVariantGroup section */
		9A5C16D42BAF3D38003B94C1 /* LaunchScreen.storyboard */ = {
			isa = PBXVariantGroup;
			children = (
				9A5C16D52BAF3D38003B94C1 /* Base */,
			);
			name = LaunchScreen.storyboard;
			sourceTree = "<group>";
		};
/* End PBXVariantGroup section */

/* Begin XCBuildConfiguration section */
		9A5C16D82BAF3D38003B94C1 /* Debug */ = {
			isa = XCBuildConfiguration;
			buildSettings = {
				ALWAYS_SEARCH_USER_PATHS = NO;
				ASSETCATALOG_COMPILER_GENERATE_SWIFT_ASSET_SYMBOL_EXTENSIONS = YES;
				CLANG_ANALYZER_NONNULL = YES;
				CLANG_ANALYZER_NUMBER_OBJECT_CONVERSION = YES_AGGRESSIVE;
				CLANG_CXX_LANGUAGE_STANDARD = "gnu++20";
				CLANG_ENABLE_MODULES = YES;
				CLANG_ENABLE_OBJC_ARC = YES;
				CLANG_ENABLE_OBJC_WEAK = YES;
				CLANG_WARN_BLOCK_CAPTURE_AUTORELEASING = YES;
				CLANG_WARN_BOOL_CONVERSION = YES;
				CLANG_WARN_COMMA = YES;
				CLANG_WARN_CONSTANT_CONVERSION = YES;
				CLANG_WARN_DEPRECATED_OBJC_IMPLEMENTATIONS = YES;
				CLANG_WARN_DIRECT_OBJC_ISA_USAGE = YES_ERROR;
				CLANG_WARN_DOCUMENTATION_COMMENTS = YES;
				CLANG_WARN_EMPTY_BODY = YES;
				CLANG_WARN_ENUM_CONVERSION = YES;
				CLANG_WARN_INFINITE_RECURSION = YES;
				CLANG_WARN_INT_CONVERSION = YES;
				CLANG_WARN_NON_LITERAL_NULL_CONVERSION = YES;
				CLANG_WARN_OBJC_IMPLICIT_RETAIN_SELF = YES;
				CLANG_WARN_OBJC_LITERAL_CONVERSION = YES;
				CLANG_WARN_OBJC_ROOT_CLASS = YES_ERROR;
				CLANG_WARN_QUOTED_INCLUDE_IN_FRAMEWORK_HEADER = YES;
				CLANG_WARN_RANGE_LOOP_ANALYSIS = YES;
				CLANG_WARN_STRICT_PROTOTYPES = YES;
				CLANG_WARN_SUSPICIOUS_MOVE = YES;
				CLANG_WARN_UNGUARDED_AVAILABILITY = YES_AGGRESSIVE;
				CLANG_WARN_UNREACHABLE_CODE = YES;
				CLANG_WARN__DUPLICATE_METHOD_MATCH = YES;
				COPY_PHASE_STRIP = NO;
				DEBUG_INFORMATION_FORMAT = dwarf;
				ENABLE_STRICT_OBJC_MSGSEND = YES;
				ENABLE_TESTABILITY = YES;
				ENABLE_USER_SCRIPT_SANDBOXING = YES;
				GCC_C_LANGUAGE_STANDARD = gnu17;
				GCC_DYNAMIC_NO_PIC = NO;
				GCC_NO_COMMON_BLOCKS = YES;
				GCC_OPTIMIZATION_LEVEL = 0;
				GCC_PREPROCESSOR_DEFINITIONS = (
					"DEBUG=1",
					"$(inherited)",
				);
				GCC_WARN_64_TO_32_BIT_CONVERSION = YES;
				GCC_WARN_ABOUT_RETURN_TYPE = YES_ERROR;
				GCC_WARN_UNDECLARED_SELECTOR = YES;
				GCC_WARN_UNINITIALIZED_AUTOS = YES_AGGRESSIVE;
				GCC_WARN_UNUSED_FUNCTION = YES;
				GCC_WARN_UNUSED_VARIABLE = YES;
				IPHONEOS_DEPLOYMENT_TARGET = 17.0;
				LOCALIZATION_PREFERS_STRING_CATALOGS = YES;
				MTL_ENABLE_DEBUG_INFO = INCLUDE_SOURCE;
				MTL_FAST_MATH = YES;
				ONLY_ACTIVE_ARCH = YES;
				SDKROOT = iphoneos;
				SWIFT_ACTIVE_COMPILATION_CONDITIONS = "DEBUG $(inherited)";
				SWIFT_OPTIMIZATION_LEVEL = "-Onone";
			};
			name = Debug;
		};
		9A5C16D92BAF3D38003B94C1 /* Release */ = {
			isa = XCBuildConfiguration;
			buildSettings = {
				ALWAYS_SEARCH_USER_PATHS = NO;
				ASSETCATALOG_COMPILER_GENERATE_SWIFT_ASSET_SYMBOL_EXTENSIONS = YES;
				CLANG_ANALYZER_NONNULL = YES;
				CLANG_ANALYZER_NUMBER_OBJECT_CONVERSION = YES_AGGRESSIVE;
				CLANG_CXX_LANGUAGE_STANDARD = "gnu++20";
				CLANG_ENABLE_MODULES = YES;
				CLANG_ENABLE_OBJC_ARC = YES;
				CLANG_ENABLE_OBJC_WEAK = YES;
				CLANG_WARN_BLOCK_CAPTURE_AUTORELEASING = YES;
				CLANG_WARN_BOOL_CONVERSION = YES;
				CLANG_WARN_COMMA = YES;
				CLANG_WARN_CONSTANT_CONVERSION = YES;
				CLANG_WARN_DEPRECATED_OBJC_IMPLEMENTATIONS = YES;
				CLANG_WARN_DIRECT_OBJC_ISA_USAGE = YES_ERROR;
				CLANG_WARN_DOCUMENTATION_COMMENTS = YES;
				CLANG_WARN_EMPTY_BODY = YES;
				CLANG_WARN_ENUM_CONVERSION = YES;
				CLANG_WARN_INFINITE_RECURSION = YES;
				CLANG_WARN_INT_CONVERSION = YES;
				CLANG_WARN_NON_LITERAL_NULL_CONVERSION = YES;
				CLANG_WARN_OBJC_IMPLICIT_RETAIN_SELF = YES;
				CLANG_WARN_OBJC_LITERAL_CONVERSION = YES;
				CLANG_WARN_OBJC_ROOT_CLASS = YES_ERROR;
				CLANG_WARN_QUOTED_INCLUDE_IN_FRAMEWORK_HEADER = YES;
				CLANG_WARN_RANGE_LOOP_ANALYSIS = YES;
				CLANG_WARN_STRICT_PROTOTYPES = YES;
				CLANG_WARN_SUSPICIOUS_MOVE = YES;
				CLANG_WARN_UNGUARDED_AVAILABILITY = YES_AGGRESSIVE;
				CLANG_WARN_UNREACHABLE_CODE = YES;
				CLANG_WARN__DUPLICATE_METHOD_MATCH = YES;
				COPY_PHASE_STRIP = NO;
				DEBUG_INFORMATION_FORMAT = "dwarf-with-dsym";
				ENABLE_NS_ASSERTIONS = NO;
				ENABLE_STRICT_OBJC_MSGSEND = YES;
				ENABLE_USER_SCRIPT_SANDBOXING = YES;
				GCC_C_LANGUAGE_STANDARD = gnu17;
				GCC_NO_COMMON_BLOCKS = YES;
				GCC_WARN_64_TO_32_BIT_CONVERSION = YES;
				GCC_WARN_ABOUT_RETURN_TYPE = YES_ERROR;
				GCC_WARN_UNDECLARED_SELECTOR = YES;
				GCC_WARN_UNINITIALIZED_AUTOS = YES_AGGRESSIVE;
				GCC_WARN_UNUSED_FUNCTION = YES;
				GCC_WARN_UNUSED_VARIABLE = YES;
				IPHONEOS_DEPLOYMENT_TARGET = 17.0;
				LOCALIZATION_PREFERS_STRING_CATALOGS = YES;
				MTL_ENABLE_DEBUG_INFO = NO;
				MTL_FAST_MATH = YES;
				SDKROOT = iphoneos;
				SWIFT_COMPILATION_MODE = wholemodule;
				VALIDATE_PRODUCT = YES;
			};
			name = Release;
		};
		9A5C16DB2BAF3D38003B94C1 /* Debug */ = {
			isa = XCBuildConfiguration;
			buildSettings = {
				ASSETCATALOG_COMPILER_APPICON_NAME = AppIcon;
				ASSETCATALOG_COMPILER_GLOBAL_ACCENT_COLOR_NAME = AccentColor;
				CODE_SIGN_STYLE = Automatic;
				CURRENT_PROJECT_VERSION = 1;
				DEVELOPMENT_TEAM = 9A2Y9UTZLK;
				GENERATE_INFOPLIST_FILE = YES;
				INFOPLIST_FILE = GreenCalories/Common/Info.plist;
				INFOPLIST_KEY_LSApplicationCategoryType = "public.app-category.food-and-drink";
				INFOPLIST_KEY_UIApplicationSupportsIndirectInputEvents = YES;
				INFOPLIST_KEY_UILaunchStoryboardName = LaunchScreen;
				INFOPLIST_KEY_UISupportedInterfaceOrientations_iPad = "UIInterfaceOrientationPortrait UIInterfaceOrientationPortraitUpsideDown UIInterfaceOrientationLandscapeLeft UIInterfaceOrientationLandscapeRight";
				INFOPLIST_KEY_UISupportedInterfaceOrientations_iPhone = "UIInterfaceOrientationPortrait UIInterfaceOrientationLandscapeLeft UIInterfaceOrientationLandscapeRight";
				IPHONEOS_DEPLOYMENT_TARGET = 16.0;
				LD_RUNPATH_SEARCH_PATHS = (
					"$(inherited)",
					"@executable_path/Frameworks",
				);
				MARKETING_VERSION = 1.0;
				PRODUCT_BUNDLE_IDENTIFIER = com.niestierov.GreenCalories;
				PRODUCT_NAME = "$(TARGET_NAME)";
				SWIFT_EMIT_LOC_STRINGS = YES;
				SWIFT_VERSION = 5.0;
				TARGETED_DEVICE_FAMILY = "1,2";
			};
			name = Debug;
		};
		9A5C16DC2BAF3D38003B94C1 /* Release */ = {
			isa = XCBuildConfiguration;
			buildSettings = {
				ASSETCATALOG_COMPILER_APPICON_NAME = AppIcon;
				ASSETCATALOG_COMPILER_GLOBAL_ACCENT_COLOR_NAME = AccentColor;
				CODE_SIGN_STYLE = Automatic;
				CURRENT_PROJECT_VERSION = 1;
				DEVELOPMENT_TEAM = 9A2Y9UTZLK;
				GENERATE_INFOPLIST_FILE = YES;
				INFOPLIST_FILE = GreenCalories/Common/Info.plist;
				INFOPLIST_KEY_LSApplicationCategoryType = "public.app-category.food-and-drink";
				INFOPLIST_KEY_UIApplicationSupportsIndirectInputEvents = YES;
				INFOPLIST_KEY_UILaunchStoryboardName = LaunchScreen;
				INFOPLIST_KEY_UISupportedInterfaceOrientations_iPad = "UIInterfaceOrientationPortrait UIInterfaceOrientationPortraitUpsideDown UIInterfaceOrientationLandscapeLeft UIInterfaceOrientationLandscapeRight";
				INFOPLIST_KEY_UISupportedInterfaceOrientations_iPhone = "UIInterfaceOrientationPortrait UIInterfaceOrientationLandscapeLeft UIInterfaceOrientationLandscapeRight";
				IPHONEOS_DEPLOYMENT_TARGET = 16.0;
				LD_RUNPATH_SEARCH_PATHS = (
					"$(inherited)",
					"@executable_path/Frameworks",
				);
				MARKETING_VERSION = 1.0;
				PRODUCT_BUNDLE_IDENTIFIER = com.niestierov.GreenCalories;
				PRODUCT_NAME = "$(TARGET_NAME)";
				SWIFT_EMIT_LOC_STRINGS = YES;
				SWIFT_VERSION = 5.0;
				TARGETED_DEVICE_FAMILY = "1,2";
			};
			name = Release;
		};
/* End XCBuildConfiguration section */

/* Begin XCConfigurationList section */
		9A5C16C12BAF3D35003B94C1 /* Build configuration list for PBXProject "GreenCalories" */ = {
			isa = XCConfigurationList;
			buildConfigurations = (
				9A5C16D82BAF3D38003B94C1 /* Debug */,
				9A5C16D92BAF3D38003B94C1 /* Release */,
			);
			defaultConfigurationIsVisible = 0;
			defaultConfigurationName = Release;
		};
		9A5C16DA2BAF3D38003B94C1 /* Build configuration list for PBXNativeTarget "GreenCalories" */ = {
			isa = XCConfigurationList;
			buildConfigurations = (
				9A5C16DB2BAF3D38003B94C1 /* Debug */,
				9A5C16DC2BAF3D38003B94C1 /* Release */,
			);
			defaultConfigurationIsVisible = 0;
			defaultConfigurationName = Release;
		};
/* End XCConfigurationList section */

/* Begin XCRemoteSwiftPackageReference section */
		9A5C16E52BAF3ED3003B94C1 /* XCRemoteSwiftPackageReference "lottie-ios" */ = {
			isa = XCRemoteSwiftPackageReference;
			repositoryURL = "https://github.com/airbnb/lottie-ios";
			requirement = {
				kind = upToNextMajorVersion;
				minimumVersion = 4.4.1;
			};
		};
		9A5C16E82BAF3EF1003B94C1 /* XCRemoteSwiftPackageReference "GoogleSignIn-iOS" */ = {
			isa = XCRemoteSwiftPackageReference;
			repositoryURL = "https://github.com/google/GoogleSignIn-iOS";
			requirement = {
				kind = upToNextMajorVersion;
				minimumVersion = 7.0.0;
			};
		};
		9A5C16ED2BAF3F16003B94C1 /* XCRemoteSwiftPackageReference "Kingfisher" */ = {
			isa = XCRemoteSwiftPackageReference;
			repositoryURL = "https://github.com/onevcat/Kingfisher.git";
			requirement = {
				kind = upToNextMajorVersion;
				minimumVersion = 7.11.0;
			};
		};
		9A5C16F02BAF40EC003B94C1 /* XCRemoteSwiftPackageReference "firebase-ios-sdk" */ = {
			isa = XCRemoteSwiftPackageReference;
			repositoryURL = "https://github.com/firebase/firebase-ios-sdk";
			requirement = {
				kind = upToNextMajorVersion;
				minimumVersion = 10.23.0;
			};
		};
/* End XCRemoteSwiftPackageReference section */

/* Begin XCSwiftPackageProductDependency section */
		9A5C16E62BAF3ED3003B94C1 /* Lottie */ = {
			isa = XCSwiftPackageProductDependency;
			package = 9A5C16E52BAF3ED3003B94C1 /* XCRemoteSwiftPackageReference "lottie-ios" */;
			productName = Lottie;
		};
		9A5C16E92BAF3EF1003B94C1 /* GoogleSignIn */ = {
			isa = XCSwiftPackageProductDependency;
			package = 9A5C16E82BAF3EF1003B94C1 /* XCRemoteSwiftPackageReference "GoogleSignIn-iOS" */;
			productName = GoogleSignIn;
		};
		9A5C16EE2BAF3F16003B94C1 /* Kingfisher */ = {
			isa = XCSwiftPackageProductDependency;
			package = 9A5C16ED2BAF3F16003B94C1 /* XCRemoteSwiftPackageReference "Kingfisher" */;
			productName = Kingfisher;
		};
		9A5C16FD2BAF40EC003B94C1 /* FirebaseAuth */ = {
			isa = XCSwiftPackageProductDependency;
			package = 9A5C16F02BAF40EC003B94C1 /* XCRemoteSwiftPackageReference "firebase-ios-sdk" */;
			productName = FirebaseAuth;
		};
		9A5C17032BAF40EC003B94C1 /* FirebaseDatabase */ = {
			isa = XCSwiftPackageProductDependency;
			package = 9A5C16F02BAF40EC003B94C1 /* XCRemoteSwiftPackageReference "firebase-ios-sdk" */;
			productName = FirebaseDatabase;
		};
		9A5C17232BAF40EC003B94C1 /* FirebaseStorage */ = {
			isa = XCSwiftPackageProductDependency;
			package = 9A5C16F02BAF40EC003B94C1 /* XCRemoteSwiftPackageReference "firebase-ios-sdk" */;
			productName = FirebaseStorage;
		};
/* End XCSwiftPackageProductDependency section */
	};
	rootObject = 9A5C16BE2BAF3D35003B94C1 /* Project object */;
}
